
Microsoft Visual Studio Solution File, Format Version 12.00
# Visual Studio 14
VisualStudioVersion = 14.0.24720.0
MinimumVisualStudioVersion = 10.0.40219.1
Project("{FAE04EC0-301F-11D3-BF4B-00C04F79EFBC}") = "SlowRoboticsGH", "SlowRoboticsGH\SlowRoboticsGH.csproj", "{1BD0892B-C4C3-45C6-AFEF-5E1A1BBD0758}"
EndProject
Project("{FAE04EC0-301F-11D3-BF4B-00C04F79EFBC}") = "SlowRobotics", "SlowRobotics\SlowRobotics.csproj", "{B48E23C2-3ECF-4915-8E48-63E6D6FC2FDA}"
EndProject
Project("{FAE04EC0-301F-11D3-BF4B-00C04F79EFBC}") = "Toxiclibs", "Toxiclibs\Toxiclibs.csproj", "{1614E276-FBEC-47B2-A8A8-53E77665C31E}"
EndProject
Global
	GlobalSection(SolutionConfigurationPlatforms) = preSolution
		Debug|Any CPU = Debug|Any CPU
		Debug64|Any CPU = Debug64|Any CPU
		Release|Any CPU = Release|Any CPU
	EndGlobalSection
	GlobalSection(ProjectConfigurationPlatforms) = postSolution
		{1BD0892B-C4C3-45C6-AFEF-5E1A1BBD0758}.Debug|Any CPU.ActiveCfg = Debug64|Any CPU
		{1BD0892B-C4C3-45C6-AFEF-5E1A1BBD0758}.Debug|Any CPU.Build.0 = Debug64|Any CPU
		{1BD0892B-C4C3-45C6-AFEF-5E1A1BBD0758}.Debug64|Any CPU.ActiveCfg = Debug64|Any CPU
		{1BD0892B-C4C3-45C6-AFEF-5E1A1BBD0758}.Debug64|Any CPU.Build.0 = Debug64|Any CPU
		{1BD0892B-C4C3-45C6-AFEF-5E1A1BBD0758}.Release|Any CPU.ActiveCfg = Release|Any CPU
		{1BD0892B-C4C3-45C6-AFEF-5E1A1BBD0758}.Release|Any CPU.Build.0 = Release|Any CPU
		{B48E23C2-3ECF-4915-8E48-63E6D6FC2FDA}.Debug|Any CPU.ActiveCfg = Debug|Any CPU
		{B48E23C2-3ECF-4915-8E48-63E6D6FC2FDA}.Debug|Any CPU.Build.0 = Debug|Any CPU
		{B48E23C2-3ECF-4915-8E48-63E6D6FC2FDA}.Debug64|Any CPU.ActiveCfg = Debug|Any CPU
		{B48E23C2-3ECF-4915-8E48-63E6D6FC2FDA}.Debug64|Any CPU.Build.0 = Debug|Any CPU
		{B48E23C2-3ECF-4915-8E48-63E6D6FC2FDA}.Release|Any CPU.ActiveCfg = Release|Any CPU
		{B48E23C2-3ECF-4915-8E48-63E6D6FC2FDA}.Release|Any CPU.Build.0 = Release|Any CPU
		{1614E276-FBEC-47B2-A8A8-53E77665C31E}.Debug|Any CPU.ActiveCfg = Debug|Any CPU
		{1614E276-FBEC-47B2-A8A8-53E77665C31E}.Debug|Any CPU.Build.0 = Debug|Any CPU
		{1614E276-FBEC-47B2-A8A8-53E77665C31E}.Debug64|Any CPU.ActiveCfg = Debug|Any CPU
		{1614E276-FBEC-47B2-A8A8-53E77665C31E}.Debug64|Any CPU.Build.0 = Debug|Any CPU
		{1614E276-FBEC-47B2-A8A8-53E77665C31E}.Release|Any CPU.ActiveCfg = Release|Any CPU
		{1614E276-FBEC-47B2-A8A8-53E77665C31E}.Release|Any CPU.Build.0 = Release|Any CPU
	EndGlobalSection
	GlobalSection(SolutionProperties) = preSolution
		HideSolutionNode = FALSE
	EndGlobalSection
EndGlobal
